[["version","2"]]
["","git-latest",["https://github.com/dagger/dang-sdk"],"refs/heads/main"]
["","git-latest",["https://github.com/dagger/sdk-sdk"],"refs/heads/main"]
["","git-sha",["https://github.com/dagger/dang-sdk","refs/heads/main"],"29090a071374b5adaa5ad5b3ce00524afe01dcc2"]
["","git-sha",["https://github.com/dagger/sdk-sdk","refs/heads/main"],"334448911a8292fba0d677e5f31926c79ad80ad3"]